
Microsoft Visual Studio Solution File, Format Version 12.00
# Visual Studio Version 16
VisualStudioVersion = 16.0.31624.102
MinimumVisualStudioVersion = 10.0.40219.1
Project("{8BC9CEB8-8B4A-11D0-8D11-00A0C91BC942}") = "OpenCVCourse", "OpenCVCourse\OpenCVCourse.vcxproj", "{B9DF181E-1BBE-4762-9192-BA933FCEADBF}"
EndProject
Global
	GlobalSection(SolutionConfigurationPlatforms) = preSolution
		Debug|x64 = Debug|x64
		Debug|x86 = Debug|x86
		Release|x64 = Release|x64
		Release|x86 = Release|x86
	EndGlobalSection
	GlobalSection(ProjectConfigurationPlatforms) = postSolution
		{B9DF181E-1BBE-4762-9192-BA933FCEADBF}.Debug|x64.ActiveCfg = Debug|x64
		{B9DF181E-1BBE-4762-9192-BA933FCEADBF}.Debug|x64.Build.0 = Debug|x64
		{B9DF181E-1BBE-4762-9192-BA933FCEADBF}.Debug|x86.ActiveCfg = Debug|Win32
		{B9DF181E-1BBE-4762-9192-BA933FCEADBF}.Debug|x86.Build.0 = Debug|Win32
		{B9DF181E-1BBE-4762-9192-BA933FCEADBF}.Release|x64.ActiveCfg = Release|x64
		{B9DF181E-1BBE-4762-9192-BA933FCEADBF}.Release|x64.Build.0 = Release|x64
		{B9DF181E-1BBE-4762-9192-BA933FCEADBF}.Release|x86.ActiveCfg = Release|Win32
		{B9DF181E-1BBE-4762-9192-BA933FCEADBF}.Release|x86.Build.0 = Release|Win32
	EndGlobalSection
	GlobalSection(SolutionProperties) = preSolution
		HideSolutionNode = FALSE
	EndGlobalSection
	GlobalSection(ExtensibilityGlobals) = postSolution
		SolutionGuid = {C9E92173-7B2E-41CA-82AE-1A63AB2C6A03}
	EndGlobalSection
EndGlobal
